Microsoft Visual Studio Solution File, Format Version 11.00
# Visual Studio 2008

Project("{73F67373-8242-4838-4C85-F0B2FE4A0CA2}") = "IntroUnity25D", "Assembly-CSharp-firstpass-vs.csproj", "{94997FFE-CB4D-D819-212C-65CA1E5F7CB8}"
EndProject
Project("{73F67373-8242-4838-4C85-F0B2FE4A0CA2}") = "IntroUnity25D", "Assembly-CSharp-vs.csproj", "{7FF111D9-E06E-4131-A0A3-56A53A66C7CB}"
EndProject
Global
	GlobalSection(SolutionConfigurationPlatforms) = preSolution
		Debug|Any CPU = Debug|Any CPU
		Release|Any CPU = Release|Any CPU
	EndGlobalSection
	GlobalSection(ProjectConfigurationPlatforms) = postSolution
		{94997FFE-CB4D-D819-212C-65CA1E5F7CB8}.Debug|Any CPU.ActiveCfg = Debug|Any CPU
		{94997FFE-CB4D-D819-212C-65CA1E5F7CB8}.Debug|Any CPU.Build.0 = Debug|Any CPU
		{94997FFE-CB4D-D819-212C-65CA1E5F7CB8}.Release|Any CPU.ActiveCfg = Release|Any CPU
		{94997FFE-CB4D-D819-212C-65CA1E5F7CB8}.Release|Any CPU.Build.0 = Release|Any CPU
		{7FF111D9-E06E-4131-A0A3-56A53A66C7CB}.Debug|Any CPU.ActiveCfg = Debug|Any CPU
		{7FF111D9-E06E-4131-A0A3-56A53A66C7CB}.Debug|Any CPU.Build.0 = Debug|Any CPU
		{7FF111D9-E06E-4131-A0A3-56A53A66C7CB}.Release|Any CPU.ActiveCfg = Release|Any CPU
		{7FF111D9-E06E-4131-A0A3-56A53A66C7CB}.Release|Any CPU.Build.0 = Release|Any CPU
	EndGlobalSection
	GlobalSection(SolutionProperties) = preSolution
		HideSolutionNode = FALSE
	EndGlobalSection
																																																																													GlobalSection(MonoDevelopProperties) = preSolution
=======
																																																						GlobalSection(MonoDevelopProperties) = preSolution
>>>>>>> Stashed changes
		StartupItem = Assembly-CSharp.csproj
		Policies = $0
		$0.TextStylePolicy = $1
		$1.inheritsSet = null
		$1.scope = text/x-csharp
		$0.CSharpFormattingPolicy = $2
		$2.inheritsSet = Mono
		$2.inheritsScope = text/x-csharp
		$2.scope = text/x-csharp
		$0.TextStylePolicy = $3
		$3.FileWidth = 120
		$3.TabWidth = 4
		$3.EolMarker = Unix
		$3.inheritsSet = Mono
		$3.inheritsScope = text/plain
		$3.scope = text/plain
	EndGlobalSection

EndGlobal
